
Microsoft Visual Studio Solution File, Format Version 11.00
# Visual C++ Express 2010
Project("{8BC9CEB8-8B4A-11D0-8D11-00A0C91BC942}") = "BranchDeposit", "BranchDeposit\BranchDeposit.vcxproj", "{C6A90C26-153A-4B76-AB1C-CA059935E48B}"
EndProject
Global
	GlobalSection(SolutionConfigurationPlatforms) = preSolution
		Debug|Win32 = Debug|Win32
		Release|Win32 = Release|Win32
	EndGlobalSection
	GlobalSection(ProjectConfigurationPlatforms) = postSolution
		{C6A90C26-153A-4B76-AB1C-CA059935E48B}.Debug|Win32.ActiveCfg = Debug|Win32
		{C6A90C26-153A-4B76-AB1C-CA059935E48B}.Debug|Win32.Build.0 = Debug|Win32
		{C6A90C26-153A-4B76-AB1C-CA059935E48B}.Release|Win32.ActiveCfg = Release|Win32
		{C6A90C26-153A-4B76-AB1C-CA059935E48B}.Release|Win32.Build.0 = Release|Win32
	EndGlobalSection
	GlobalSection(SolutionProperties) = preSolution
		HideSolutionNode = FALSE
	EndGlobalSection
EndGlobal
